// !$*UTF8*$!
{
	archiveVersion = 1;
	classes = {
	};
	objectVersion = 56;
	objects = {

/* Begin PBXBuildFile section */
		0A304B612A91263400BDFA76 /* AlamofireImage in Frameworks */ = {isa = PBXBuildFile; productRef = 0A304B602A91263400BDFA76 /* AlamofireImage */; };
		0A304B642A9126A700BDFA76 /* MovieLoginViewController.swift in Sources */ = {isa = PBXBuildFile; fileRef = 0A304B622A9126A700BDFA76 /* MovieLoginViewController.swift */; };
		0A304B652A9126A700BDFA76 /* MovieLoginViewController.xib in Resources */ = {isa = PBXBuildFile; fileRef = 0A304B632A9126A700BDFA76 /* MovieLoginViewController.xib */; };
		0A304B672A9126F000BDFA76 /* MovieLoginViewModel.swift in Sources */ = {isa = PBXBuildFile; fileRef = 0A304B662A9126F000BDFA76 /* MovieLoginViewModel.swift */; };
		0A304B6A2A9127D500BDFA76 /* Observable.swift in Sources */ = {isa = PBXBuildFile; fileRef = 0A304B692A9127D500BDFA76 /* Observable.swift */; };
		0A304B6D2A9130CE00BDFA76 /* ActivityOverlay.swift in Sources */ = {isa = PBXBuildFile; fileRef = 0A304B6C2A9130CE00BDFA76 /* ActivityOverlay.swift */; };
		0A304B6F2A9130E800BDFA76 /* ActivityView.swift in Sources */ = {isa = PBXBuildFile; fileRef = 0A304B6E2A9130E800BDFA76 /* ActivityView.swift */; };
		0A304B712A91310100BDFA76 /* Alert.swift in Sources */ = {isa = PBXBuildFile; fileRef = 0A304B702A91310100BDFA76 /* Alert.swift */; };
		0A304B732A91311700BDFA76 /* AlertPresentable.swift in Sources */ = {isa = PBXBuildFile; fileRef = 0A304B722A91311700BDFA76 /* AlertPresentable.swift */; };
		0A304B752A91316D00BDFA76 /* UIImageView+Helper.swift in Sources */ = {isa = PBXBuildFile; fileRef = 0A304B742A91316D00BDFA76 /* UIImageView+Helper.swift */; };
		0A304B772A91319A00BDFA76 /* UIView+Animations.swift in Sources */ = {isa = PBXBuildFile; fileRef = 0A304B762A91319A00BDFA76 /* UIView+Animations.swift */; };
		0A304B792A9131F000BDFA76 /* UIColor+Helper.swift in Sources */ = {isa = PBXBuildFile; fileRef = 0A304B782A9131F000BDFA76 /* UIColor+Helper.swift */; };
		0A304B7B2A91326400BDFA76 /* CGFloat+Help.swift in Sources */ = {isa = PBXBuildFile; fileRef = 0A304B7A2A91326400BDFA76 /* CGFloat+Help.swift */; };
		0A304B7D2A9132B200BDFA76 /* UIView+Constraints.swift in Sources */ = {isa = PBXBuildFile; fileRef = 0A304B7C2A9132B200BDFA76 /* UIView+Constraints.swift */; };
		0A304B7F2A9132E900BDFA76 /* UIViewController+Help.swift in Sources */ = {isa = PBXBuildFile; fileRef = 0A304B7E2A9132E900BDFA76 /* UIViewController+Help.swift */; };
		0A304B812A91333D00BDFA76 /* String+Helpers.swift in Sources */ = {isa = PBXBuildFile; fileRef = 0A304B802A91333D00BDFA76 /* String+Helpers.swift */; };
		0A5F68062A91185600ECABCE /* AppDelegate.swift in Sources */ = {isa = PBXBuildFile; fileRef = 0A5F68052A91185600ECABCE /* AppDelegate.swift */; };
		0A5F68082A91185600ECABCE /* SceneDelegate.swift in Sources */ = {isa = PBXBuildFile; fileRef = 0A5F68072A91185600ECABCE /* SceneDelegate.swift */; };
		0A5F68102A91185600ECABCE /* TheMovieDBChallengeMVVM.xcdatamodeld in Sources */ = {isa = PBXBuildFile; fileRef = 0A5F680E2A91185600ECABCE /* TheMovieDBChallengeMVVM.xcdatamodeld */; };
		0A5F68122A91185700ECABCE /* Assets.xcassets in Resources */ = {isa = PBXBuildFile; fileRef = 0A5F68112A91185700ECABCE /* Assets.xcassets */; };
		0A5F68152A91185700ECABCE /* LaunchScreen.storyboard in Resources */ = {isa = PBXBuildFile; fileRef = 0A5F68132A91185700ECABCE /* LaunchScreen.storyboard */; };
		0A5F68202A91185800ECABCE /* TheMovieDBChallengeMVVMTests.swift in Sources */ = {isa = PBXBuildFile; fileRef = 0A5F681F2A91185800ECABCE /* TheMovieDBChallengeMVVMTests.swift */; };
		0A5F682A2A91185800ECABCE /* TheMovieDBChallengeMVVMUITests.swift in Sources */ = {isa = PBXBuildFile; fileRef = 0A5F68292A91185800ECABCE /* TheMovieDBChallengeMVVMUITests.swift */; };
		0A5F682C2A91185800ECABCE /* TheMovieDBChallengeMVVMUITestsLaunchTests.swift in Sources */ = {isa = PBXBuildFile; fileRef = 0A5F682B2A91185800ECABCE /* TheMovieDBChallengeMVVMUITestsLaunchTests.swift */; };
		0AAA35952A92CCAC00696781 /* MovieListViewController.swift in Sources */ = {isa = PBXBuildFile; fileRef = 0AAA35942A92CCAC00696781 /* MovieListViewController.swift */; };
		0AAA35972A92CCB600696781 /* MovieListViewModel.swift in Sources */ = {isa = PBXBuildFile; fileRef = 0AAA35962A92CCB600696781 /* MovieListViewModel.swift */; };
		0AAA359B2A92CFE400696781 /* MovieListTableViewCell.swift in Sources */ = {isa = PBXBuildFile; fileRef = 0AAA35992A92CFE400696781 /* MovieListTableViewCell.swift */; };
		0AAA359C2A92CFE400696781 /* MovieListTableViewCell.xib in Resources */ = {isa = PBXBuildFile; fileRef = 0AAA359A2A92CFE400696781 /* MovieListTableViewCell.xib */; };
		0AAA35A02A92D5F100696781 /* MoviesModel.swift in Sources */ = {isa = PBXBuildFile; fileRef = 0AAA359F2A92D5F100696781 /* MoviesModel.swift */; };
		0AAA35A32A92DA2F00696781 /* Constants.swift in Sources */ = {isa = PBXBuildFile; fileRef = 0AAA35A22A92DA2F00696781 /* Constants.swift */; };
		0AAA35A52A92DD4800696781 /* MovieRepository.swift in Sources */ = {isa = PBXBuildFile; fileRef = 0AAA35A42A92DD4800696781 /* MovieRepository.swift */; };
/* End PBXBuildFile section */

/* Begin PBXContainerItemProxy section */
		0A5F681C2A91185800ECABCE /* PBXContainerItemProxy */ = {
			isa = PBXContainerItemProxy;
			containerPortal = 0A5F67FA2A91185600ECABCE /* Project object */;
			proxyType = 1;
			remoteGlobalIDString = 0A5F68012A91185600ECABCE;
			remoteInfo = TheMovieDBChallengeMVVM;
		};
		0A5F68262A91185800ECABCE /* PBXContainerItemProxy */ = {
			isa = PBXContainerItemProxy;
			containerPortal = 0A5F67FA2A91185600ECABCE /* Project object */;
			proxyType = 1;
			remoteGlobalIDString = 0A5F68012A91185600ECABCE;
			remoteInfo = TheMovieDBChallengeMVVM;
		};
/* End PBXContainerItemProxy section */

/* Begin PBXFileReference section */
		0A304B622A9126A700BDFA76 /* MovieLoginViewController.swift */ = {isa = PBXFileReference; lastKnownFileType = sourcecode.swift; path = MovieLoginViewController.swift; sourceTree = "<group>"; };
		0A304B632A9126A700BDFA76 /* MovieLoginViewController.xib */ = {isa = PBXFileReference; lastKnownFileType = file.xib; path = MovieLoginViewController.xib; sourceTree = "<group>"; };
		0A304B662A9126F000BDFA76 /* MovieLoginViewModel.swift */ = {isa = PBXFileReference; lastKnownFileType = sourcecode.swift; path = MovieLoginViewModel.swift; sourceTree = "<group>"; };
		0A304B692A9127D500BDFA76 /* Observable.swift */ = {isa = PBXFileReference; lastKnownFileType = sourcecode.swift; path = Observable.swift; sourceTree = "<group>"; };
		0A304B6C2A9130CE00BDFA76 /* ActivityOverlay.swift */ = {isa = PBXFileReference; lastKnownFileType = sourcecode.swift; path = ActivityOverlay.swift; sourceTree = "<group>"; };
		0A304B6E2A9130E800BDFA76 /* ActivityView.swift */ = {isa = PBXFileReference; lastKnownFileType = sourcecode.swift; path = ActivityView.swift; sourceTree = "<group>"; };
		0A304B702A91310100BDFA76 /* Alert.swift */ = {isa = PBXFileReference; lastKnownFileType = sourcecode.swift; path = Alert.swift; sourceTree = "<group>"; };
		0A304B722A91311700BDFA76 /* AlertPresentable.swift */ = {isa = PBXFileReference; lastKnownFileType = sourcecode.swift; path = AlertPresentable.swift; sourceTree = "<group>"; };
		0A304B742A91316D00BDFA76 /* UIImageView+Helper.swift */ = {isa = PBXFileReference; lastKnownFileType = sourcecode.swift; path = "UIImageView+Helper.swift"; sourceTree = "<group>"; };
		0A304B762A91319A00BDFA76 /* UIView+Animations.swift */ = {isa = PBXFileReference; fileEncoding = 4; lastKnownFileType = sourcecode.swift; path = "UIView+Animations.swift"; sourceTree = "<group>"; };
		0A304B782A9131F000BDFA76 /* UIColor+Helper.swift */ = {isa = PBXFileReference; fileEncoding = 4; lastKnownFileType = sourcecode.swift; path = "UIColor+Helper.swift"; sourceTree = "<group>"; };
		0A304B7A2A91326400BDFA76 /* CGFloat+Help.swift */ = {isa = PBXFileReference; fileEncoding = 4; lastKnownFileType = sourcecode.swift; path = "CGFloat+Help.swift"; sourceTree = "<group>"; };
		0A304B7C2A9132B200BDFA76 /* UIView+Constraints.swift */ = {isa = PBXFileReference; fileEncoding = 4; lastKnownFileType = sourcecode.swift; path = "UIView+Constraints.swift"; sourceTree = "<group>"; };
		0A304B7E2A9132E900BDFA76 /* UIViewController+Help.swift */ = {isa = PBXFileReference; fileEncoding = 4; lastKnownFileType = sourcecode.swift; path = "UIViewController+Help.swift"; sourceTree = "<group>"; };
		0A304B802A91333D00BDFA76 /* String+Helpers.swift */ = {isa = PBXFileReference; fileEncoding = 4; lastKnownFileType = sourcecode.swift; path = "String+Helpers.swift"; sourceTree = "<group>"; };
		0A5F68022A91185600ECABCE /* TheMovieDBChallengeMVVM.app */ = {isa = PBXFileReference; explicitFileType = wrapper.application; includeInIndex = 0; path = TheMovieDBChallengeMVVM.app; sourceTree = BUILT_PRODUCTS_DIR; };
		0A5F68052A91185600ECABCE /* AppDelegate.swift */ = {isa = PBXFileReference; lastKnownFileType = sourcecode.swift; path = AppDelegate.swift; sourceTree = "<group>"; };
		0A5F68072A91185600ECABCE /* SceneDelegate.swift */ = {isa = PBXFileReference; lastKnownFileType = sourcecode.swift; path = SceneDelegate.swift; sourceTree = "<group>"; };
		0A5F680F2A91185600ECABCE /* TheMovieDBChallengeMVVM.xcdatamodel */ = {isa = PBXFileReference; lastKnownFileType = wrapper.xcdatamodel; path = TheMovieDBChallengeMVVM.xcdatamodel; sourceTree = "<group>"; };
		0A5F68112A91185700ECABCE /* Assets.xcassets */ = {isa = PBXFileReference; lastKnownFileType = folder.assetcatalog; path = Assets.xcassets; sourceTree = "<group>"; };
		0A5F68142A91185700ECABCE /* Base */ = {isa = PBXFileReference; lastKnownFileType = file.storyboard; name = Base; path = Base.lproj/LaunchScreen.storyboard; sourceTree = "<group>"; };
		0A5F68162A91185700ECABCE /* Info.plist */ = {isa = PBXFileReference; lastKnownFileType = text.plist.xml; path = Info.plist; sourceTree = "<group>"; };
		0A5F681B2A91185800ECABCE /* TheMovieDBChallengeMVVMTests.xctest */ = {isa = PBXFileReference; explicitFileType = wrapper.cfbundle; includeInIndex = 0; path = TheMovieDBChallengeMVVMTests.xctest; sourceTree = BUILT_PRODUCTS_DIR; };
		0A5F681F2A91185800ECABCE /* TheMovieDBChallengeMVVMTests.swift */ = {isa = PBXFileReference; lastKnownFileType = sourcecode.swift; path = TheMovieDBChallengeMVVMTests.swift; sourceTree = "<group>"; };
		0A5F68252A91185800ECABCE /* TheMovieDBChallengeMVVMUITests.xctest */ = {isa = PBXFileReference; explicitFileType = wrapper.cfbundle; includeInIndex = 0; path = TheMovieDBChallengeMVVMUITests.xctest; sourceTree = BUILT_PRODUCTS_DIR; };
		0A5F68292A91185800ECABCE /* TheMovieDBChallengeMVVMUITests.swift */ = {isa = PBXFileReference; lastKnownFileType = sourcecode.swift; path = TheMovieDBChallengeMVVMUITests.swift; sourceTree = "<group>"; };
		0A5F682B2A91185800ECABCE /* TheMovieDBChallengeMVVMUITestsLaunchTests.swift */ = {isa = PBXFileReference; lastKnownFileType = sourcecode.swift; path = TheMovieDBChallengeMVVMUITestsLaunchTests.swift; sourceTree = "<group>"; };
		0AAA35942A92CCAC00696781 /* MovieListViewController.swift */ = {isa = PBXFileReference; lastKnownFileType = sourcecode.swift; path = MovieListViewController.swift; sourceTree = "<group>"; };
		0AAA35962A92CCB600696781 /* MovieListViewModel.swift */ = {isa = PBXFileReference; lastKnownFileType = sourcecode.swift; path = MovieListViewModel.swift; sourceTree = "<group>"; };
		0AAA35992A92CFE400696781 /* MovieListTableViewCell.swift */ = {isa = PBXFileReference; lastKnownFileType = sourcecode.swift; path = MovieListTableViewCell.swift; sourceTree = "<group>"; };
		0AAA359A2A92CFE400696781 /* MovieListTableViewCell.xib */ = {isa = PBXFileReference; lastKnownFileType = file.xib; path = MovieListTableViewCell.xib; sourceTree = "<group>"; };
		0AAA359F2A92D5F100696781 /* MoviesModel.swift */ = {isa = PBXFileReference; lastKnownFileType = sourcecode.swift; path = MoviesModel.swift; sourceTree = "<group>"; };
		0AAA35A22A92DA2F00696781 /* Constants.swift */ = {isa = PBXFileReference; lastKnownFileType = sourcecode.swift; path = Constants.swift; sourceTree = "<group>"; };
		0AAA35A42A92DD4800696781 /* MovieRepository.swift */ = {isa = PBXFileReference; lastKnownFileType = sourcecode.swift; path = MovieRepository.swift; sourceTree = "<group>"; };
/* End PBXFileReference section */

/* Begin PBXFrameworksBuildPhase section */
		0A5F67FF2A91185600ECABCE /* Frameworks */ = {
			isa = PBXFrameworksBuildPhase;
			buildActionMask = 2147483647;
			files = (
				0A304B612A91263400BDFA76 /* AlamofireImage in Frameworks */,
			);
			runOnlyForDeploymentPostprocessing = 0;
		};
		0A5F68182A91185800ECABCE /* Frameworks */ = {
			isa = PBXFrameworksBuildPhase;
			buildActionMask = 2147483647;
			files = (
			);
			runOnlyForDeploymentPostprocessing = 0;
		};
		0A5F68222A91185800ECABCE /* Frameworks */ = {
			isa = PBXFrameworksBuildPhase;
			buildActionMask = 2147483647;
			files = (
			);
			runOnlyForDeploymentPostprocessing = 0;
		};
/* End PBXFrameworksBuildPhase section */

/* Begin PBXGroup section */
		0A304B4E2A911E4B00BDFA76 /* Core */ = {
			isa = PBXGroup;
			children = (
				0A304B542A911EE800BDFA76 /* Services */,
				0A304B532A911ED200BDFA76 /* Model */,
			);
			path = Core;
			sourceTree = "<group>";
		};
		0A304B4F2A911E5300BDFA76 /* Common */ = {
			isa = PBXGroup;
			children = (
				0AAA35A12A92DA1C00696781 /* Resources */,
				0A304B682A9127CC00BDFA76 /* Utils */,
				0A304B5B2A9121B900BDFA76 /* CustomViews */,
				0A304B5A2A91201600BDFA76 /* Services */,
				0A304B592A91200F00BDFA76 /* Extensions */,
			);
			path = Common;
			sourceTree = "<group>";
		};
		0A304B502A911E5C00BDFA76 /* Module */ = {
			isa = PBXGroup;
			children = (
				0A304B5C2A91240A00BDFA76 /* MovieLogin */,
				0A304B5E2A91242200BDFA76 /* MovieList */,
				0A304B5D2A91241800BDFA76 /* MovieDetail */,
			);
			path = Module;
			sourceTree = "<group>";
		};
		0A304B512A911E7600BDFA76 /* Resources */ = {
			isa = PBXGroup;
			children = (
				0A5F68112A91185700ECABCE /* Assets.xcassets */,
				0A5F68132A91185700ECABCE /* LaunchScreen.storyboard */,
			);
			path = Resources;
			sourceTree = "<group>";
		};
		0A304B522A911E8B00BDFA76 /* SupportFiles */ = {
			isa = PBXGroup;
			children = (
				0A5F68052A91185600ECABCE /* AppDelegate.swift */,
				0A5F68072A91185600ECABCE /* SceneDelegate.swift */,
			);
			path = SupportFiles;
			sourceTree = "<group>";
		};
		0A304B532A911ED200BDFA76 /* Model */ = {
			isa = PBXGroup;
			children = (
				0A304B582A911FD600BDFA76 /* Login */,
				0A304B572A911FC700BDFA76 /* List */,
			);
			path = Model;
			sourceTree = "<group>";
		};
		0A304B542A911EE800BDFA76 /* Services */ = {
			isa = PBXGroup;
			children = (
				0A304B562A911F2500BDFA76 /* Constants */,
				0A304B552A911F0400BDFA76 /* Repositories */,
			);
			path = Services;
			sourceTree = "<group>";
		};
		0A304B552A911F0400BDFA76 /* Repositories */ = {
			isa = PBXGroup;
			children = (
				0AAA35A42A92DD4800696781 /* MovieRepository.swift */,
			);
			path = Repositories;
			sourceTree = "<group>";
		};
		0A304B562A911F2500BDFA76 /* Constants */ = {
			isa = PBXGroup;
			children = (
			);
			path = Constants;
			sourceTree = "<group>";
		};
		0A304B572A911FC700BDFA76 /* List */ = {
			isa = PBXGroup;
			children = (
				0AAA359F2A92D5F100696781 /* MoviesModel.swift */,
			);
			path = List;
			sourceTree = "<group>";
		};
		0A304B582A911FD600BDFA76 /* Login */ = {
			isa = PBXGroup;
			children = (
			);
			path = Login;
			sourceTree = "<group>";
		};
		0A304B592A91200F00BDFA76 /* Extensions */ = {
			isa = PBXGroup;
			children = (
				0A304B762A91319A00BDFA76 /* UIView+Animations.swift */,
				0A304B742A91316D00BDFA76 /* UIImageView+Helper.swift */,
				0A304B782A9131F000BDFA76 /* UIColor+Helper.swift */,
				0A304B7A2A91326400BDFA76 /* CGFloat+Help.swift */,
				0A304B7C2A9132B200BDFA76 /* UIView+Constraints.swift */,
				0A304B7E2A9132E900BDFA76 /* UIViewController+Help.swift */,
				0A304B802A91333D00BDFA76 /* String+Helpers.swift */,
			);
			path = Extensions;
			sourceTree = "<group>";
		};
		0A304B5A2A91201600BDFA76 /* Services */ = {
			isa = PBXGroup;
			children = (
			);
			path = Services;
			sourceTree = "<group>";
		};
		0A304B5B2A9121B900BDFA76 /* CustomViews */ = {
			isa = PBXGroup;
			children = (
				0A304B6B2A9130B900BDFA76 /* ActivityView */,
			);
			path = CustomViews;
			sourceTree = "<group>";
		};
		0A304B5C2A91240A00BDFA76 /* MovieLogin */ = {
			isa = PBXGroup;
			children = (
				0A304B622A9126A700BDFA76 /* MovieLoginViewController.swift */,
				0A304B632A9126A700BDFA76 /* MovieLoginViewController.xib */,
				0A304B662A9126F000BDFA76 /* MovieLoginViewModel.swift */,
			);
			path = MovieLogin;
			sourceTree = "<group>";
		};
		0A304B5D2A91241800BDFA76 /* MovieDetail */ = {
			isa = PBXGroup;
			children = (
			);
			path = MovieDetail;
			sourceTree = "<group>";
		};
		0A304B5E2A91242200BDFA76 /* MovieList */ = {
			isa = PBXGroup;
			children = (
				0AAA35982A92CFB400696781 /* Cells */,
				0AAA35942A92CCAC00696781 /* MovieListViewController.swift */,
				0AAA35962A92CCB600696781 /* MovieListViewModel.swift */,
			);
			path = MovieList;
			sourceTree = "<group>";
		};
		0A304B682A9127CC00BDFA76 /* Utils */ = {
			isa = PBXGroup;
			children = (
				0A304B692A9127D500BDFA76 /* Observable.swift */,
			);
			path = Utils;
			sourceTree = "<group>";
		};
		0A304B6B2A9130B900BDFA76 /* ActivityView */ = {
			isa = PBXGroup;
			children = (
				0A304B6C2A9130CE00BDFA76 /* ActivityOverlay.swift */,
				0A304B6E2A9130E800BDFA76 /* ActivityView.swift */,
				0A304B702A91310100BDFA76 /* Alert.swift */,
				0A304B722A91311700BDFA76 /* AlertPresentable.swift */,
			);
			path = ActivityView;
			sourceTree = "<group>";
		};
		0A5F67F92A91185600ECABCE = {
			isa = PBXGroup;
			children = (
				0A5F68042A91185600ECABCE /* TheMovieDBChallengeMVVM */,
				0A5F681E2A91185800ECABCE /* TheMovieDBChallengeMVVMTests */,
				0A5F68282A91185800ECABCE /* TheMovieDBChallengeMVVMUITests */,
				0A5F68032A91185600ECABCE /* Products */,
			);
			sourceTree = "<group>";
		};
		0A5F68032A91185600ECABCE /* Products */ = {
			isa = PBXGroup;
			children = (
				0A5F68022A91185600ECABCE /* TheMovieDBChallengeMVVM.app */,
				0A5F681B2A91185800ECABCE /* TheMovieDBChallengeMVVMTests.xctest */,
				0A5F68252A91185800ECABCE /* TheMovieDBChallengeMVVMUITests.xctest */,
			);
			name = Products;
			sourceTree = "<group>";
		};
		0A5F68042A91185600ECABCE /* TheMovieDBChallengeMVVM */ = {
			isa = PBXGroup;
			children = (
				0A304B522A911E8B00BDFA76 /* SupportFiles */,
				0A304B512A911E7600BDFA76 /* Resources */,
				0A304B4E2A911E4B00BDFA76 /* Core */,
				0A304B4F2A911E5300BDFA76 /* Common */,
				0A304B502A911E5C00BDFA76 /* Module */,
				0A5F68162A91185700ECABCE /* Info.plist */,
				0A5F680E2A91185600ECABCE /* TheMovieDBChallengeMVVM.xcdatamodeld */,
			);
			path = TheMovieDBChallengeMVVM;
			sourceTree = "<group>";
		};
		0A5F681E2A91185800ECABCE /* TheMovieDBChallengeMVVMTests */ = {
			isa = PBXGroup;
			children = (
				0A5F681F2A91185800ECABCE /* TheMovieDBChallengeMVVMTests.swift */,
			);
			path = TheMovieDBChallengeMVVMTests;
			sourceTree = "<group>";
		};
		0A5F68282A91185800ECABCE /* TheMovieDBChallengeMVVMUITests */ = {
			isa = PBXGroup;
			children = (
				0A5F68292A91185800ECABCE /* TheMovieDBChallengeMVVMUITests.swift */,
				0A5F682B2A91185800ECABCE /* TheMovieDBChallengeMVVMUITestsLaunchTests.swift */,
			);
			path = TheMovieDBChallengeMVVMUITests;
			sourceTree = "<group>";
		};
		0AAA35982A92CFB400696781 /* Cells */ = {
			isa = PBXGroup;
			children = (
				0AAA35992A92CFE400696781 /* MovieListTableViewCell.swift */,
				0AAA359A2A92CFE400696781 /* MovieListTableViewCell.xib */,
			);
			path = Cells;
			sourceTree = "<group>";
		};
		0AAA35A12A92DA1C00696781 /* Resources */ = {
			isa = PBXGroup;
			children = (
				0AAA35A22A92DA2F00696781 /* Constants.swift */,
			);
			path = Resources;
			sourceTree = "<group>";
		};
/* End PBXGroup section */

/* Begin PBXNativeTarget section */
		0A5F68012A91185600ECABCE /* TheMovieDBChallengeMVVM */ = {
			isa = PBXNativeTarget;
			buildConfigurationList = 0A5F682F2A91185800ECABCE /* Build configuration list for PBXNativeTarget "TheMovieDBChallengeMVVM" */;
			buildPhases = (
				0A5F67FE2A91185600ECABCE /* Sources */,
				0A5F67FF2A91185600ECABCE /* Frameworks */,
				0A5F68002A91185600ECABCE /* Resources */,
			);
			buildRules = (
			);
			dependencies = (
			);
			name = TheMovieDBChallengeMVVM;
			packageProductDependencies = (
				0A304B602A91263400BDFA76 /* AlamofireImage */,
			);
			productName = TheMovieDBChallengeMVVM;
			productReference = 0A5F68022A91185600ECABCE /* TheMovieDBChallengeMVVM.app */;
			productType = "com.apple.product-type.application";
		};
		0A5F681A2A91185800ECABCE /* TheMovieDBChallengeMVVMTests */ = {
			isa = PBXNativeTarget;
			buildConfigurationList = 0A5F68322A91185800ECABCE /* Build configuration list for PBXNativeTarget "TheMovieDBChallengeMVVMTests" */;
			buildPhases = (
				0A5F68172A91185800ECABCE /* Sources */,
				0A5F68182A91185800ECABCE /* Frameworks */,
				0A5F68192A91185800ECABCE /* Resources */,
			);
			buildRules = (
			);
			dependencies = (
				0A5F681D2A91185800ECABCE /* PBXTargetDependency */,
			);
			name = TheMovieDBChallengeMVVMTests;
			productName = TheMovieDBChallengeMVVMTests;
			productReference = 0A5F681B2A91185800ECABCE /* TheMovieDBChallengeMVVMTests.xctest */;
			productType = "com.apple.product-type.bundle.unit-test";
		};
		0A5F68242A91185800ECABCE /* TheMovieDBChallengeMVVMUITests */ = {
			isa = PBXNativeTarget;
			buildConfigurationList = 0A5F68352A91185800ECABCE /* Build configuration list for PBXNativeTarget "TheMovieDBChallengeMVVMUITests" */;
			buildPhases = (
				0A5F68212A91185800ECABCE /* Sources */,
				0A5F68222A91185800ECABCE /* Frameworks */,
				0A5F68232A91185800ECABCE /* Resources */,
			);
			buildRules = (
			);
			dependencies = (
				0A5F68272A91185800ECABCE /* PBXTargetDependency */,
			);
			name = TheMovieDBChallengeMVVMUITests;
			productName = TheMovieDBChallengeMVVMUITests;
			productReference = 0A5F68252A91185800ECABCE /* TheMovieDBChallengeMVVMUITests.xctest */;
			productType = "com.apple.product-type.bundle.ui-testing";
		};
/* End PBXNativeTarget section */

/* Begin PBXProject section */
		0A5F67FA2A91185600ECABCE /* Project object */ = {
			isa = PBXProject;
			attributes = {
				BuildIndependentTargetsInParallel = 1;
				LastSwiftUpdateCheck = 1410;
				LastUpgradeCheck = 1410;
				TargetAttributes = {
					0A5F68012A91185600ECABCE = {
						CreatedOnToolsVersion = 14.1;
					};
					0A5F681A2A91185800ECABCE = {
						CreatedOnToolsVersion = 14.1;
						TestTargetID = 0A5F68012A91185600ECABCE;
					};
					0A5F68242A91185800ECABCE = {
						CreatedOnToolsVersion = 14.1;
						TestTargetID = 0A5F68012A91185600ECABCE;
					};
				};
			};
			buildConfigurationList = 0A5F67FD2A91185600ECABCE /* Build configuration list for PBXProject "TheMovieDBChallengeMVVM" */;
			compatibilityVersion = "Xcode 14.0";
			developmentRegion = en;
			hasScannedForEncodings = 0;
			knownRegions = (
				en,
				Base,
			);
			mainGroup = 0A5F67F92A91185600ECABCE;
			packageReferences = (
				0A304B5F2A91263400BDFA76 /* XCRemoteSwiftPackageReference "AlamofireImage" */,
			);
			productRefGroup = 0A5F68032A91185600ECABCE /* Products */;
			projectDirPath = "";
			projectRoot = "";
			targets = (
				0A5F68012A91185600ECABCE /* TheMovieDBChallengeMVVM */,
				0A5F681A2A91185800ECABCE /* TheMovieDBChallengeMVVMTests */,
				0A5F68242A91185800ECABCE /* TheMovieDBChallengeMVVMUITests */,
			);
		};
/* End PBXProject section */

/* Begin PBXResourcesBuildPhase section */
		0A5F68002A91185600ECABCE /* Resources */ = {
			isa = PBXResourcesBuildPhase;
			buildActionMask = 2147483647;
			files = (
				0A5F68152A91185700ECABCE /* LaunchScreen.storyboard in Resources */,
				0A5F68122A91185700ECABCE /* Assets.xcassets in Resources */,
				0AAA359C2A92CFE400696781 /* MovieListTableViewCell.xib in Resources */,
				0A304B652A9126A700BDFA76 /* MovieLoginViewController.xib in Resources */,
			);
			runOnlyForDeploymentPostprocessing = 0;
		};
		0A5F68192A91185800ECABCE /* Resources */ = {
			isa = PBXResourcesBuildPhase;
			buildActionMask = 2147483647;
			files = (
			);
			runOnlyForDeploymentPostprocessing = 0;
		};
		0A5F68232A91185800ECABCE /* Resources */ = {
			isa = PBXResourcesBuildPhase;
			buildActionMask = 2147483647;
			files = (
			);
			runOnlyForDeploymentPostprocessing = 0;
		};
/* End PBXResourcesBuildPhase section */

/* Begin PBXSourcesBuildPhase section */
		0A5F67FE2A91185600ECABCE /* Sources */ = {
			isa = PBXSourcesBuildPhase;
			buildActionMask = 2147483647;
			files = (
				0A304B752A91316D00BDFA76 /* UIImageView+Helper.swift in Sources */,
				0AAA35A32A92DA2F00696781 /* Constants.swift in Sources */,
				0A304B712A91310100BDFA76 /* Alert.swift in Sources */,
				0AAA35972A92CCB600696781 /* MovieListViewModel.swift in Sources */,
				0A5F68102A91185600ECABCE /* TheMovieDBChallengeMVVM.xcdatamodeld in Sources */,
				0A304B732A91311700BDFA76 /* AlertPresentable.swift in Sources */,
				0AAA35A52A92DD4800696781 /* MovieRepository.swift in Sources */,
				0A304B812A91333D00BDFA76 /* String+Helpers.swift in Sources */,
				0A304B792A9131F000BDFA76 /* UIColor+Helper.swift in Sources */,
				0A304B7B2A91326400BDFA76 /* CGFloat+Help.swift in Sources */,
				0A304B642A9126A700BDFA76 /* MovieLoginViewController.swift in Sources */,
				0A304B7F2A9132E900BDFA76 /* UIViewController+Help.swift in Sources */,
				0A304B772A91319A00BDFA76 /* UIView+Animations.swift in Sources */,
				0A304B6D2A9130CE00BDFA76 /* ActivityOverlay.swift in Sources */,
				0A5F68062A91185600ECABCE /* AppDelegate.swift in Sources */,
				0A304B672A9126F000BDFA76 /* MovieLoginViewModel.swift in Sources */,
				0A304B6F2A9130E800BDFA76 /* ActivityView.swift in Sources */,
				0A304B7D2A9132B200BDFA76 /* UIView+Constraints.swift in Sources */,
				0AAA35952A92CCAC00696781 /* MovieListViewController.swift in Sources */,
				0AAA35A02A92D5F100696781 /* MoviesModel.swift in Sources */,
				0A304B6A2A9127D500BDFA76 /* Observable.swift in Sources */,
				0AAA359B2A92CFE400696781 /* MovieListTableViewCell.swift in Sources */,
				0A5F68082A91185600ECABCE /* SceneDelegate.swift in Sources */,
			);
			runOnlyForDeploymentPostprocessing = 0;
		};
		0A5F68172A91185800ECABCE /* Sources */ = {
			isa = PBXSourcesBuildPhase;
			buildActionMask = 2147483647;
			files = (
				0A5F68202A91185800ECABCE /* TheMovieDBChallengeMVVMTests.swift in Sources */,
			);
			runOnlyForDeploymentPostprocessing = 0;
		};
		0A5F68212A91185800ECABCE /* Sources */ = {
			isa = PBXSourcesBuildPhase;
			buildActionMask = 2147483647;
			files = (
				0A5F682A2A91185800ECABCE /* TheMovieDBChallengeMVVMUITests.swift in Sources */,
				0A5F682C2A91185800ECABCE /* TheMovieDBChallengeMVVMUITestsLaunchTests.swift in Sources */,
			);
			runOnlyForDeploymentPostprocessing = 0;
		};
/* End PBXSourcesBuildPhase section */

/* Begin PBXTargetDependency section */
		0A5F681D2A91185800ECABCE /* PBXTargetDependency */ = {
			isa = PBXTargetDependency;
			target = 0A5F68012A91185600ECABCE /* TheMovieDBChallengeMVVM */;
			targetProxy = 0A5F681C2A91185800ECABCE /* PBXContainerItemProxy */;
		};
		0A5F68272A91185800ECABCE /* PBXTargetDependency */ = {
			isa = PBXTargetDependency;
			target = 0A5F68012A91185600ECABCE /* TheMovieDBChallengeMVVM */;
			targetProxy = 0A5F68262A91185800ECABCE /* PBXContainerItemProxy */;
		};
/* End PBXTargetDependency section */

/* Begin PBXVariantGroup section */
		0A5F68132A91185700ECABCE /* LaunchScreen.storyboard */ = {
			isa = PBXVariantGroup;
			children = (
				0A5F68142A91185700ECABCE /* Base */,
			);
			name = LaunchScreen.storyboard;
			sourceTree = "<group>";
		};
/* End PBXVariantGroup section */

/* Begin XCBuildConfiguration section */
		0A5F682D2A91185800ECABCE /* Debug */ = {
			isa = XCBuildConfiguration;
			buildSettings = {
				ALWAYS_SEARCH_USER_PATHS = NO;
				CLANG_ANALYZER_NONNULL = YES;
				CLANG_ANALYZER_NUMBER_OBJECT_CONVERSION = YES_AGGRESSIVE;
				CLANG_CXX_LANGUAGE_STANDARD = "gnu++20";
				CLANG_ENABLE_MODULES = YES;
				CLANG_ENABLE_OBJC_ARC = YES;
				CLANG_ENABLE_OBJC_WEAK = YES;
				CLANG_WARN_BLOCK_CAPTURE_AUTORELEASING = YES;
				CLANG_WARN_BOOL_CONVERSION = YES;
				CLANG_WARN_COMMA = YES;
				CLANG_WARN_CONSTANT_CONVERSION = YES;
				CLANG_WARN_DEPRECATED_OBJC_IMPLEMENTATIONS = YES;
				CLANG_WARN_DIRECT_OBJC_ISA_USAGE = YES_ERROR;
				CLANG_WARN_DOCUMENTATION_COMMENTS = YES;
				CLANG_WARN_EMPTY_BODY = YES;
				CLANG_WARN_ENUM_CONVERSION = YES;
				CLANG_WARN_INFINITE_RECURSION = YES;
				CLANG_WARN_INT_CONVERSION = YES;
				CLANG_WARN_NON_LITERAL_NULL_CONVERSION = YES;
				CLANG_WARN_OBJC_IMPLICIT_RETAIN_SELF = YES;
				CLANG_WARN_OBJC_LITERAL_CONVERSION = YES;
				CLANG_WARN_OBJC_ROOT_CLASS = YES_ERROR;
				CLANG_WARN_QUOTED_INCLUDE_IN_FRAMEWORK_HEADER = YES;
				CLANG_WARN_RANGE_LOOP_ANALYSIS = YES;
				CLANG_WARN_STRICT_PROTOTYPES = YES;
				CLANG_WARN_SUSPICIOUS_MOVE = YES;
				CLANG_WARN_UNGUARDED_AVAILABILITY = YES_AGGRESSIVE;
				CLANG_WARN_UNREACHABLE_CODE = YES;
				CLANG_WARN__DUPLICATE_METHOD_MATCH = YES;
				COPY_PHASE_STRIP = NO;
				DEBUG_INFORMATION_FORMAT = dwarf;
				ENABLE_STRICT_OBJC_MSGSEND = YES;
				ENABLE_TESTABILITY = YES;
				GCC_C_LANGUAGE_STANDARD = gnu11;
				GCC_DYNAMIC_NO_PIC = NO;
				GCC_NO_COMMON_BLOCKS = YES;
				GCC_OPTIMIZATION_LEVEL = 0;
				GCC_PREPROCESSOR_DEFINITIONS = (
					"DEBUG=1",
					"$(inherited)",
				);
				GCC_WARN_64_TO_32_BIT_CONVERSION = YES;
				GCC_WARN_ABOUT_RETURN_TYPE = YES_ERROR;
				GCC_WARN_UNDECLARED_SELECTOR = YES;
				GCC_WARN_UNINITIALIZED_AUTOS = YES_AGGRESSIVE;
				GCC_WARN_UNUSED_FUNCTION = YES;
				GCC_WARN_UNUSED_VARIABLE = YES;
				IPHONEOS_DEPLOYMENT_TARGET = 16.1;
				MTL_ENABLE_DEBUG_INFO = INCLUDE_SOURCE;
				MTL_FAST_MATH = YES;
				ONLY_ACTIVE_ARCH = YES;
				SDKROOT = iphoneos;
				SWIFT_ACTIVE_COMPILATION_CONDITIONS = DEBUG;
				SWIFT_OPTIMIZATION_LEVEL = "-Onone";
			};
			name = Debug;
		};
		0A5F682E2A91185800ECABCE /* Release */ = {
			isa = XCBuildConfiguration;
			buildSettings = {
				ALWAYS_SEARCH_USER_PATHS = NO;
				CLANG_ANALYZER_NONNULL = YES;
				CLANG_ANALYZER_NUMBER_OBJECT_CONVERSION = YES_AGGRESSIVE;
				CLANG_CXX_LANGUAGE_STANDARD = "gnu++20";
				CLANG_ENABLE_MODULES = YES;
				CLANG_ENABLE_OBJC_ARC = YES;
				CLANG_ENABLE_OBJC_WEAK = YES;
				CLANG_WARN_BLOCK_CAPTURE_AUTORELEASING = YES;
				CLANG_WARN_BOOL_CONVERSION = YES;
				CLANG_WARN_COMMA = YES;
				CLANG_WARN_CONSTANT_CONVERSION = YES;
				CLANG_WARN_DEPRECATED_OBJC_IMPLEMENTATIONS = YES;
				CLANG_WARN_DIRECT_OBJC_ISA_USAGE = YES_ERROR;
				CLANG_WARN_DOCUMENTATION_COMMENTS = YES;
				CLANG_WARN_EMPTY_BODY = YES;
				CLANG_WARN_ENUM_CONVERSION = YES;
				CLANG_WARN_INFINITE_RECURSION = YES;
				CLANG_WARN_INT_CONVERSION = YES;
				CLANG_WARN_NON_LITERAL_NULL_CONVERSION = YES;
				CLANG_WARN_OBJC_IMPLICIT_RETAIN_SELF = YES;
				CLANG_WARN_OBJC_LITERAL_CONVERSION = YES;
				CLANG_WARN_OBJC_ROOT_CLASS = YES_ERROR;
				CLANG_WARN_QUOTED_INCLUDE_IN_FRAMEWORK_HEADER = YES;
				CLANG_WARN_RANGE_LOOP_ANALYSIS = YES;
				CLANG_WARN_STRICT_PROTOTYPES = YES;
				CLANG_WARN_SUSPICIOUS_MOVE = YES;
				CLANG_WARN_UNGUARDED_AVAILABILITY = YES_AGGRESSIVE;
				CLANG_WARN_UNREACHABLE_CODE = YES;
				CLANG_WARN__DUPLICATE_METHOD_MATCH = YES;
				COPY_PHASE_STRIP = NO;
				DEBUG_INFORMATION_FORMAT = "dwarf-with-dsym";
				ENABLE_NS_ASSERTIONS = NO;
				ENABLE_STRICT_OBJC_MSGSEND = YES;
				GCC_C_LANGUAGE_STANDARD = gnu11;
				GCC_NO_COMMON_BLOCKS = YES;
				GCC_WARN_64_TO_32_BIT_CONVERSION = YES;
				GCC_WARN_ABOUT_RETURN_TYPE = YES_ERROR;
				GCC_WARN_UNDECLARED_SELECTOR = YES;
				GCC_WARN_UNINITIALIZED_AUTOS = YES_AGGRESSIVE;
				GCC_WARN_UNUSED_FUNCTION = YES;
				GCC_WARN_UNUSED_VARIABLE = YES;
				IPHONEOS_DEPLOYMENT_TARGET = 16.1;
				MTL_ENABLE_DEBUG_INFO = NO;
				MTL_FAST_MATH = YES;
				SDKROOT = iphoneos;
				SWIFT_COMPILATION_MODE = wholemodule;
				SWIFT_OPTIMIZATION_LEVEL = "-O";
				VALIDATE_PRODUCT = YES;
			};
			name = Release;
		};
		0A5F68302A91185800ECABCE /* Debug */ = {
			isa = XCBuildConfiguration;
			buildSettings = {
				ASSETCATALOG_COMPILER_APPICON_NAME = AppIcon;
				ASSETCATALOG_COMPILER_GLOBAL_ACCENT_COLOR_NAME = AccentColor;
				CODE_SIGN_STYLE = Automatic;
				CURRENT_PROJECT_VERSION = 1;
				DEVELOPMENT_TEAM = E52U5SHEEA;
				GENERATE_INFOPLIST_FILE = YES;
				INFOPLIST_FILE = TheMovieDBChallengeMVVM/Info.plist;
				INFOPLIST_KEY_UIApplicationSupportsIndirectInputEvents = YES;
				INFOPLIST_KEY_UILaunchStoryboardName = LaunchScreen;
				INFOPLIST_KEY_UIMainStoryboardFile = "";
				INFOPLIST_KEY_UISupportedInterfaceOrientations_iPad = "UIInterfaceOrientationPortrait UIInterfaceOrientationPortraitUpsideDown UIInterfaceOrientationLandscapeLeft UIInterfaceOrientationLandscapeRight";
				INFOPLIST_KEY_UISupportedInterfaceOrientations_iPhone = "UIInterfaceOrientationPortrait UIInterfaceOrientationLandscapeLeft UIInterfaceOrientationLandscapeRight";
				LD_RUNPATH_SEARCH_PATHS = (
					"$(inherited)",
					"@executable_path/Frameworks",
				);
				MARKETING_VERSION = 1.0;
				PRODUCT_BUNDLE_IDENTIFIER = com.kcv.TheMovieDBChallengeMVVM;
				PRODUCT_NAME = "$(TARGET_NAME)";
				SWIFT_EMIT_LOC_STRINGS = YES;
				SWIFT_VERSION = 5.0;
				TARGETED_DEVICE_FAMILY = "1,2";
			};
			name = Debug;
		};
		0A5F68312A91185800ECABCE /* Release */ = {
			isa = XCBuildConfiguration;
			buildSettings = {
				ASSETCATALOG_COMPILER_APPICON_NAME = AppIcon;
				ASSETCATALOG_COMPILER_GLOBAL_ACCENT_COLOR_NAME = AccentColor;
				CODE_SIGN_STYLE = Automatic;
				CURRENT_PROJECT_VERSION = 1;
				DEVELOPMENT_TEAM = E52U5SHEEA;
				GENERATE_INFOPLIST_FILE = YES;
				INFOPLIST_FILE = TheMovieDBChallengeMVVM/Info.plist;
				INFOPLIST_KEY_UIApplicationSupportsIndirectInputEvents = YES;
				INFOPLIST_KEY_UILaunchStoryboardName = LaunchScreen;
				INFOPLIST_KEY_UIMainStoryboardFile = "";
				INFOPLIST_KEY_UISupportedInterfaceOrientations_iPad = "UIInterfaceOrientationPortrait UIInterfaceOrientationPortraitUpsideDown UIInterfaceOrientationLandscapeLeft UIInterfaceOrientationLandscapeRight";
				INFOPLIST_KEY_UISupportedInterfaceOrientations_iPhone = "UIInterfaceOrientationPortrait UIInterfaceOrientationLandscapeLeft UIInterfaceOrientationLandscapeRight";
				LD_RUNPATH_SEARCH_PATHS = (
					"$(inherited)",
					"@executable_path/Frameworks",
				);
				MARKETING_VERSION = 1.0;
				PRODUCT_BUNDLE_IDENTIFIER = com.kcv.TheMovieDBChallengeMVVM;
				PRODUCT_NAME = "$(TARGET_NAME)";
				SWIFT_EMIT_LOC_STRINGS = YES;
				SWIFT_VERSION = 5.0;
				TARGETED_DEVICE_FAMILY = "1,2";
			};
			name = Release;
		};
		0A5F68332A91185800ECABCE /* Debug */ = {
			isa = XCBuildConfiguration;
			buildSettings = {
				ALWAYS_EMBED_SWIFT_STANDARD_LIBRARIES = YES;
				BUNDLE_LOADER = "$(TEST_HOST)";
				CODE_SIGN_STYLE = Automatic;
				CURRENT_PROJECT_VERSION = 1;
				DEVELOPMENT_TEAM = E52U5SHEEA;
				GENERATE_INFOPLIST_FILE = YES;
				IPHONEOS_DEPLOYMENT_TARGET = 16.1;
				MARKETING_VERSION = 1.0;
				PRODUCT_BUNDLE_IDENTIFIER = com.kcv.TheMovieDBChallengeMVVMTests;
				PRODUCT_NAME = "$(TARGET_NAME)";
				SWIFT_EMIT_LOC_STRINGS = NO;
				SWIFT_VERSION = 5.0;
				TARGETED_DEVICE_FAMILY = "1,2";
				TEST_HOST = "$(BUILT_PRODUCTS_DIR)/TheMovieDBChallengeMVVM.app/$(BUNDLE_EXECUTABLE_FOLDER_PATH)/TheMovieDBChallengeMVVM";
			};
			name = Debug;
		};
		0A5F68342A91185800ECABCE /* Release */ = {
			isa = XCBuildConfiguration;
			buildSettings = {
				ALWAYS_EMBED_SWIFT_STANDARD_LIBRARIES = YES;
				BUNDLE_LOADER = "$(TEST_HOST)";
				CODE_SIGN_STYLE = Automatic;
				CURRENT_PROJECT_VERSION = 1;
				DEVELOPMENT_TEAM = E52U5SHEEA;
				GENERATE_INFOPLIST_FILE = YES;
				IPHONEOS_DEPLOYMENT_TARGET = 16.1;
				MARKETING_VERSION = 1.0;
				PRODUCT_BUNDLE_IDENTIFIER = com.kcv.TheMovieDBChallengeMVVMTests;
				PRODUCT_NAME = "$(TARGET_NAME)";
				SWIFT_EMIT_LOC_STRINGS = NO;
				SWIFT_VERSION = 5.0;
				TARGETED_DEVICE_FAMILY = "1,2";
				TEST_HOST = "$(BUILT_PRODUCTS_DIR)/TheMovieDBChallengeMVVM.app/$(BUNDLE_EXECUTABLE_FOLDER_PATH)/TheMovieDBChallengeMVVM";
			};
			name = Release;
		};
		0A5F68362A91185800ECABCE /* Debug */ = {
			isa = XCBuildConfiguration;
			buildSettings = {
				ALWAYS_EMBED_SWIFT_STANDARD_LIBRARIES = YES;
				CODE_SIGN_STYLE = Automatic;
				CURRENT_PROJECT_VERSION = 1;
				DEVELOPMENT_TEAM = E52U5SHEEA;
				GENERATE_INFOPLIST_FILE = YES;
				MARKETING_VERSION = 1.0;
				PRODUCT_BUNDLE_IDENTIFIER = com.kcv.TheMovieDBChallengeMVVMUITests;
				PRODUCT_NAME = "$(TARGET_NAME)";
				SWIFT_EMIT_LOC_STRINGS = NO;
				SWIFT_VERSION = 5.0;
				TARGETED_DEVICE_FAMILY = "1,2";
				TEST_TARGET_NAME = TheMovieDBChallengeMVVM;
			};
			name = Debug;
		};
		0A5F68372A91185800ECABCE /* Release */ = {
			isa = XCBuildConfiguration;
			buildSettings = {
				ALWAYS_EMBED_SWIFT_STANDARD_LIBRARIES = YES;
				CODE_SIGN_STYLE = Automatic;
				CURRENT_PROJECT_VERSION = 1;
				DEVELOPMENT_TEAM = E52U5SHEEA;
				GENERATE_INFOPLIST_FILE = YES;
				MARKETING_VERSION = 1.0;
				PRODUCT_BUNDLE_IDENTIFIER = com.kcv.TheMovieDBChallengeMVVMUITests;
				PRODUCT_NAME = "$(TARGET_NAME)";
				SWIFT_EMIT_LOC_STRINGS = NO;
				SWIFT_VERSION = 5.0;
				TARGETED_DEVICE_FAMILY = "1,2";
				TEST_TARGET_NAME = TheMovieDBChallengeMVVM;
			};
			name = Release;
		};
/* End XCBuildConfiguration section */

/* Begin XCConfigurationList section */
		0A5F67FD2A91185600ECABCE /* Build configuration list for PBXProject "TheMovieDBChallengeMVVM" */ = {
			isa = XCConfigurationList;
			buildConfigurations = (
				0A5F682D2A91185800ECABCE /* Debug */,
				0A5F682E2A91185800ECABCE /* Release */,
			);
			defaultConfigurationIsVisible = 0;
			defaultConfigurationName = Release;
		};
		0A5F682F2A91185800ECABCE /* Build configuration list for PBXNativeTarget "TheMovieDBChallengeMVVM" */ = {
			isa = XCConfigurationList;
			buildConfigurations = (
				0A5F68302A91185800ECABCE /* Debug */,
				0A5F68312A91185800ECABCE /* Release */,
			);
			defaultConfigurationIsVisible = 0;
			defaultConfigurationName = Release;
		};
		0A5F68322A91185800ECABCE /* Build configuration list for PBXNativeTarget "TheMovieDBChallengeMVVMTests" */ = {
			isa = XCConfigurationList;
			buildConfigurations = (
				0A5F68332A91185800ECABCE /* Debug */,
				0A5F68342A91185800ECABCE /* Release */,
			);
			defaultConfigurationIsVisible = 0;
			defaultConfigurationName = Release;
		};
		0A5F68352A91185800ECABCE /* Build configuration list for PBXNativeTarget "TheMovieDBChallengeMVVMUITests" */ = {
			isa = XCConfigurationList;
			buildConfigurations = (
				0A5F68362A91185800ECABCE /* Debug */,
				0A5F68372A91185800ECABCE /* Release */,
			);
			defaultConfigurationIsVisible = 0;
			defaultConfigurationName = Release;
		};
/* End XCConfigurationList section */

/* Begin XCRemoteSwiftPackageReference section */
		0A304B5F2A91263400BDFA76 /* XCRemoteSwiftPackageReference "AlamofireImage" */ = {
			isa = XCRemoteSwiftPackageReference;
			repositoryURL = "https://github.com/Alamofire/AlamofireImage.git";
			requirement = {
				kind = upToNextMajorVersion;
				minimumVersion = 4.0.0;
			};
		};
/* End XCRemoteSwiftPackageReference section */

/* Begin XCSwiftPackageProductDependency section */
		0A304B602A91263400BDFA76 /* AlamofireImage */ = {
			isa = XCSwiftPackageProductDependency;
			package = 0A304B5F2A91263400BDFA76 /* XCRemoteSwiftPackageReference "AlamofireImage" */;
			productName = AlamofireImage;
		};
/* End XCSwiftPackageProductDependency section */

/* Begin XCVersionGroup section */
		0A5F680E2A91185600ECABCE /* TheMovieDBChallengeMVVM.xcdatamodeld */ = {
			isa = XCVersionGroup;
			children = (
				0A5F680F2A91185600ECABCE /* TheMovieDBChallengeMVVM.xcdatamodel */,
			);
			currentVersion = 0A5F680F2A91185600ECABCE /* TheMovieDBChallengeMVVM.xcdatamodel */;
			path = TheMovieDBChallengeMVVM.xcdatamodeld;
			sourceTree = "<group>";
			versionGroupType = wrapper.xcdatamodel;
		};
/* End XCVersionGroup section */
	};
	rootObject = 0A5F67FA2A91185600ECABCE /* Project object */;
}
